
Microsoft Visual Studio Solution File, Format Version 12.00
# Visual Studio Version 16
VisualStudioVersion = 16.0.30804.86
MinimumVisualStudioVersion = 10.0.40219.1
Project("{FAE04EC0-301F-11D3-BF4B-00C04F79EFBC}") = "JWTAuthorization", "JWTAuthorization.csproj", "{F5EB47A4-1F26-46F5-B51B-36F00C358F3E}"
EndProject
Global
	GlobalSection(SolutionConfigurationPlatforms) = preSolution
		Debug|Any CPU = Debug|Any CPU
		Release|Any CPU = Release|Any CPU
	EndGlobalSection
	GlobalSection(ProjectConfigurationPlatforms) = postSolution
		{F5EB47A4-1F26-46F5-B51B-36F00C358F3E}.Debug|Any CPU.ActiveCfg = Debug|Any CPU
		{F5EB47A4-1F26-46F5-B51B-36F00C358F3E}.Debug|Any CPU.Build.0 = Debug|Any CPU
		{F5EB47A4-1F26-46F5-B51B-36F00C358F3E}.Release|Any CPU.ActiveCfg = Release|Any CPU
		{F5EB47A4-1F26-46F5-B51B-36F00C358F3E}.Release|Any CPU.Build.0 = Release|Any CPU
	EndGlobalSection
	GlobalSection(SolutionProperties) = preSolution
		HideSolutionNode = FALSE
	EndGlobalSection
	GlobalSection(ExtensibilityGlobals) = postSolution
		SolutionGuid = {03D7860B-DC46-478C-B457-43470E774E00}
	EndGlobalSection
EndGlobal
